<?xml version="1.0" encoding="utf-8"?>
<Project ToolsVersion="4.0" xmlns="http://schemas.microsoft.com/developer/msbuild/2003">
  <ItemGroup>
    <ClCompile Include="Enum.pb.cc">
      <Filter>Protocol</Filter>
    </ClCompile>
    <ClCompile Include="Protocol.pb.cc">
      <Filter>Protocol</Filter>
    </ClCompile>
    <ClCompile Include="Struct.pb.cc">
      <Filter>Protocol</Filter>
    </ClCompile>
    <ClCompile Include="main.cpp">
      <Filter>Main</Filter>
    </ClCompile>
    <ClCompile Include="pch.cpp" />
    <ClCompile Include="ServerPacketHandler.cpp">
      <Filter>Network</Filter>
    </ClCompile>
    <ClCompile Include="GameSession.cpp">
      <Filter>Network</Filter>
    </ClCompile>
    <ClCompile Include="GameSessionManager.cpp">
      <Filter>Network</Filter>
    </ClCompile>
    <ClCompile Include="Room.cpp">
      <Filter>Game</Filter>
    </ClCompile>
    <ClCompile Include="Object.cpp">
      <Filter>Game</Filter>
    </ClCompile>
    <ClCompile Include="Player.cpp">
      <Filter>Game</Filter>
    </ClCompile>
    <ClCompile Include="Creature.cpp">
      <Filter>Game</Filter>
    </ClCompile>
    <ClCompile Include="Utils.cpp">
      <Filter>Utils</Filter>
    </ClCompile>
    <ClCompile Include="ObjectUtils.cpp">
      <Filter>Utils</Filter>
    </ClCompile>
    <ClCompile Include="..\Libraries\Include\Detour\Source\DetourAlloc.cpp">
      <Filter>Detour\Source</Filter>
    </ClCompile>
    <ClCompile Include="..\Libraries\Include\Detour\Source\DetourAssert.cpp">
      <Filter>Detour\Source</Filter>
    </ClCompile>
    <ClCompile Include="..\Libraries\Include\Detour\Source\DetourCommon.cpp">
      <Filter>Detour\Source</Filter>
    </ClCompile>
    <ClCompile Include="..\Libraries\Include\Detour\Source\DetourNavMesh.cpp">
      <Filter>Detour\Source</Filter>
    </ClCompile>
    <ClCompile Include="..\Libraries\Include\Detour\Source\DetourNavMeshBuilder.cpp">
      <Filter>Detour\Source</Filter>
    </ClCompile>
    <ClCompile Include="..\Libraries\Include\Detour\Source\DetourNavMeshQuery.cpp">
      <Filter>Detour\Source</Filter>
    </ClCompile>
    <ClCompile Include="..\Libraries\Include\Detour\Source\DetourNode.cpp">
      <Filter>Detour\Source</Filter>
    </ClCompile>
    <ClCompile Include="Monster.cpp">
      <Filter>Game</Filter>
    </ClCompile>
    <ClCompile Include="NavigationSystem.cpp">
      <Filter>Detour\Util</Filter>
    </ClCompile>
    <ClCompile Include="Math.cpp">
      <Filter>Utils</Filter>
    </ClCompile>
    <ClCompile Include="Vector.cpp">
      <Filter>Utils</Filter>
    </ClCompile>
    <ClCompile Include="..\Libraries\Include\Detour\Source\DetourCrowd.cpp">
      <Filter>Detour\Source</Filter>
    </ClCompile>
    <ClCompile Include="..\Libraries\Include\Detour\Source\DetourLocalBoundary.cpp">
      <Filter>Detour\Source</Filter>
    </ClCompile>
    <ClCompile Include="..\Libraries\Include\Detour\Source\DetourObstacleAvoidance.cpp">
      <Filter>Detour\Source</Filter>
    </ClCompile>
    <ClCompile Include="..\Libraries\Include\Detour\Source\DetourPathCorridor.cpp">
      <Filter>Detour\Source</Filter>
    </ClCompile>
    <ClCompile Include="..\Libraries\Include\Detour\Source\DetourPathQueue.cpp">
      <Filter>Detour\Source</Filter>
    </ClCompile>
    <ClCompile Include="..\Libraries\Include\Detour\Source\DetourProximityGrid.cpp">
      <Filter>Detour\Source</Filter>
    </ClCompile>
    <ClCompile Include="JsonUtil.cpp">
      <Filter>Utils</Filter>
    </ClCompile>
    <ClCompile Include="Singleton.cpp">
      <Filter>Utils</Filter>
    </ClCompile>
    <ClCompile Include="RoomManager.cpp">
      <Filter>Game</Filter>
    </ClCompile>
  </ItemGroup>
  <ItemGroup>
    <ClInclude Include="Enum.pb.h">
      <Filter>Protocol</Filter>
    </ClInclude>
    <ClInclude Include="Protocol.pb.h">
      <Filter>Protocol</Filter>
    </ClInclude>
    <ClInclude Include="Struct.pb.h">
      <Filter>Protocol</Filter>
    </ClInclude>
    <ClInclude Include="pch.h" />
    <ClInclude Include="ServerPacketHandler.h">
      <Filter>Network</Filter>
    </ClInclude>
    <ClInclude Include="GameSession.h">
      <Filter>Network</Filter>
    </ClInclude>
    <ClInclude Include="GameSessionManager.h">
      <Filter>Network</Filter>
    </ClInclude>
    <ClInclude Include="Room.h">
      <Filter>Game</Filter>
    </ClInclude>
    <ClInclude Include="Object.h">
      <Filter>Game</Filter>
    </ClInclude>
    <ClInclude Include="Player.h">
      <Filter>Game</Filter>
    </ClInclude>
    <ClInclude Include="Creature.h">
      <Filter>Game</Filter>
    </ClInclude>
    <ClInclude Include="Utils.h">
      <Filter>Utils</Filter>
    </ClInclude>
    <ClInclude Include="ObjectUtils.h">
      <Filter>Utils</Filter>
    </ClInclude>
    <ClInclude Include="..\Libraries\Include\Detour\Include\DetourAlloc.h">
      <Filter>Detour\Include</Filter>
    </ClInclude>
    <ClInclude Include="..\Libraries\Include\Detour\Include\DetourAssert.h">
      <Filter>Detour\Include</Filter>
    </ClInclude>
    <ClInclude Include="..\Libraries\Include\Detour\Include\DetourCommon.h">
      <Filter>Detour\Include</Filter>
    </ClInclude>
    <ClInclude Include="..\Libraries\Include\Detour\Include\DetourMath.h">
      <Filter>Detour\Include</Filter>
    </ClInclude>
    <ClInclude Include="..\Libraries\Include\Detour\Include\DetourNavMesh.h">
      <Filter>Detour\Include</Filter>
    </ClInclude>
    <ClInclude Include="..\Libraries\Include\Detour\Include\DetourNavMeshBuilder.h">
      <Filter>Detour\Include</Filter>
    </ClInclude>
    <ClInclude Include="..\Libraries\Include\Detour\Include\DetourNavMeshQuery.h">
      <Filter>Detour\Include</Filter>
    </ClInclude>
    <ClInclude Include="..\Libraries\Include\Detour\Include\DetourNode.h">
      <Filter>Detour\Include</Filter>
    </ClInclude>
    <ClInclude Include="..\Libraries\Include\Detour\Include\DetourStatus.h">
      <Filter>Detour\Include</Filter>
    </ClInclude>
    <ClInclude Include="Monster.h">
      <Filter>Game</Filter>
    </ClInclude>
    <ClInclude Include="NavigationSystem.h">
      <Filter>Detour\Util</Filter>
    </ClInclude>
    <ClInclude Include="Math.h">
      <Filter>Utils</Filter>
    </ClInclude>
    <ClInclude Include="Vector.h">
      <Filter>Utils</Filter>
    </ClInclude>
    <ClInclude Include="Define.h">
      <Filter>Utils</Filter>
    </ClInclude>
    <ClInclude Include="..\Libraries\Include\Detour\Include\DetourCrowd.h">
      <Filter>Detour\Include</Filter>
    </ClInclude>
    <ClInclude Include="..\Libraries\Include\Detour\Include\DetourLocalBoundary.h">
      <Filter>Detour\Include</Filter>
    </ClInclude>
    <ClInclude Include="..\Libraries\Include\Detour\Include\DetourObstacleAvoidance.h">
      <Filter>Detour\Include</Filter>
    </ClInclude>
    <ClInclude Include="..\Libraries\Include\Detour\Include\DetourPathCorridor.h">
      <Filter>Detour\Include</Filter>
    </ClInclude>
    <ClInclude Include="..\Libraries\Include\Detour\Include\DetourPathQueue.h">
      <Filter>Detour\Include</Filter>
    </ClInclude>
    <ClInclude Include="..\Libraries\Include\Detour\Include\DetourProximityGrid.h">
      <Filter>Detour\Include</Filter>
    </ClInclude>
    <ClInclude Include="JsonUtil.h">
      <Filter>Utils</Filter>
    </ClInclude>
    <ClInclude Include="Singleton.h">
      <Filter>Utils</Filter>
    </ClInclude>
    <ClInclude Include="RoomManager.h">
      <Filter>Game</Filter>
    </ClInclude>
  </ItemGroup>
  <ItemGroup>
    <Filter Include="Protocol">
      <UniqueIdentifier>{307aecd1-9532-4067-a534-08658729a561}</UniqueIdentifier>
    </Filter>
    <Filter Include="Main">
      <UniqueIdentifier>{88fd4c61-936f-4af2-a834-b18a87b10753}</UniqueIdentifier>
    </Filter>
    <Filter Include="Network">
      <UniqueIdentifier>{6ed41f4c-b2fc-4574-a38e-b05d41c594d0}</UniqueIdentifier>
    </Filter>
    <Filter Include="Game">
      <UniqueIdentifier>{cbc2ef5e-ab20-434b-a367-16b96fe7fffb}</UniqueIdentifier>
    </Filter>
    <Filter Include="Utils">
      <UniqueIdentifier>{a3de1e4c-7272-4d3f-b8f9-fc1425f8e3bf}</UniqueIdentifier>
    </Filter>
    <Filter Include="Detour">
      <UniqueIdentifier>{80d06175-3c95-4ae1-a18a-e18e4dee1b3b}</UniqueIdentifier>
    </Filter>
    <Filter Include="Detour\Include">
      <UniqueIdentifier>{b60746b6-fe19-49af-8628-1cd06ba3d286}</UniqueIdentifier>
    </Filter>
    <Filter Include="Detour\Source">
      <UniqueIdentifier>{6a673504-9096-475a-b3e4-214d462477bd}</UniqueIdentifier>
    </Filter>
    <Filter Include="Detour\Util">
      <UniqueIdentifier>{82cf3dac-f0b7-49b3-b57d-183eaf277189}</UniqueIdentifier>
    </Filter>
  </ItemGroup>
</Project>